
Microsoft Visual Studio Solution File, Format Version 12.00
# Visual Studio Version 17
VisualStudioVersion = 17.2.32519.379
MinimumVisualStudioVersion = 10.0.40219.1
Project("{FAE04EC0-301F-11D3-BF4B-00C04F79EFBC}") = "DemoApp", "DemoApp.csproj", "{BEA2842D-04B7-41F8-A9A6-F465DD58A170}"
EndProject
Global
	GlobalSection(SolutionConfigurationPlatforms) = preSolution
		Debug|Any CPU = Debug|Any CPU
		Release|Any CPU = Release|Any CPU
	EndGlobalSection
	GlobalSection(ProjectConfigurationPlatforms) = postSolution
		{BEA2842D-04B7-41F8-A9A6-F465DD58A170}.Debug|Any CPU.ActiveCfg = Debug|Any CPU
		{BEA2842D-04B7-41F8-A9A6-F465DD58A170}.Debug|Any CPU.Build.0 = Debug|Any CPU
		{BEA2842D-04B7-41F8-A9A6-F465DD58A170}.Release|Any CPU.ActiveCfg = Release|Any CPU
		{BEA2842D-04B7-41F8-A9A6-F465DD58A170}.Release|Any CPU.Build.0 = Release|Any CPU
	EndGlobalSection
	GlobalSection(SolutionProperties) = preSolution
		HideSolutionNode = FALSE
	EndGlobalSection
	GlobalSection(ExtensibilityGlobals) = postSolution
		SolutionGuid = {1BED1108-7C7C-47A9-8A73-36AFAB939650}
	EndGlobalSection
EndGlobal
